
Microsoft Visual Studio Solution File, Format Version 12.00
# Visual Studio Version 17
VisualStudioVersion = 17.11.35312.102
MinimumVisualStudioVersion = 10.0.40219.1
Project("{FAE04EC0-301F-11D3-BF4B-00C04F79EFBC}") = "OOPDay1_task1", "OOPDay1_task1\OOPDay1_task1.csproj", "{5F68605D-B816-43E6-918A-2C8748813BAB}"
EndProject
Global
	GlobalSection(SolutionConfigurationPlatforms) = preSolution
		Debug|Any CPU = Debug|Any CPU
		Release|Any CPU = Release|Any CPU
	EndGlobalSection
	GlobalSection(ProjectConfigurationPlatforms) = postSolution
		{5F68605D-B816-43E6-918A-2C8748813BAB}.Debug|Any CPU.ActiveCfg = Debug|Any CPU
		{5F68605D-B816-43E6-918A-2C8748813BAB}.Debug|Any CPU.Build.0 = Debug|Any CPU
		{5F68605D-B816-43E6-918A-2C8748813BAB}.Release|Any CPU.ActiveCfg = Release|Any CPU
		{5F68605D-B816-43E6-918A-2C8748813BAB}.Release|Any CPU.Build.0 = Release|Any CPU
	EndGlobalSection
	GlobalSection(SolutionProperties) = preSolution
		HideSolutionNode = FALSE
	EndGlobalSection
	GlobalSection(ExtensibilityGlobals) = postSolution
		SolutionGuid = {3CBCACE4-DDD3-4344-B3B2-225431755DE7}
	EndGlobalSection
EndGlobal
